
Microsoft Visual Studio Solution File, Format Version 12.00
# Visual Studio Version 16
VisualStudioVersion = 16.0.31410.357
MinimumVisualStudioVersion = 10.0.40219.1
Project("{2150E333-8FDC-42A3-9474-1A3956D46DE8}") = "0 - Tests", "0 - Tests", "{96B29152-E750-496B-BA4A-60C2B8D5E240}"
EndProject
Project("{2150E333-8FDC-42A3-9474-1A3956D46DE8}") = "1 - Presentation", "1 - Presentation", "{79C1C238-72B0-458E-AECD-EEE05BD7238B}"
EndProject
Project("{2150E333-8FDC-42A3-9474-1A3956D46DE8}") = "2 - Application", "2 - Application", "{BF4E0BA5-4D50-4298-916B-D0718EBF007B}"
EndProject
Project("{2150E333-8FDC-42A3-9474-1A3956D46DE8}") = "3 - Service", "3 - Service", "{4155AAA6-CE01-4F0A-B014-AD3C9091AD82}"
EndProject
Project("{2150E333-8FDC-42A3-9474-1A3956D46DE8}") = "4 - Domain", "4 - Domain", "{6DF03EBB-4062-436A-A8DC-27386B05D543}"
EndProject
Project("{2150E333-8FDC-42A3-9474-1A3956D46DE8}") = "5 - Infra", "5 - Infra", "{AAF99A72-0513-466B-BB1D-CBF3C1288232}"
EndProject
Project("{9A19103F-16F7-4668-BE54-9A1E7A4F7556}") = "BookStore.Infra", "src\BookStore.Infra\BookStore.Infra.csproj", "{81DC81E1-B7F5-4261-B349-34FEF09BB6BB}"
EndProject
Project("{9A19103F-16F7-4668-BE54-9A1E7A4F7556}") = "BookStore.Domain", "src\BookStore.Domain\BookStore.Domain.csproj", "{1F34840F-D734-4C6E-80FD-F689E61420A1}"
EndProject
Project("{9A19103F-16F7-4668-BE54-9A1E7A4F7556}") = "BookStore.Api", "src\BookStore.Api\BookStore.Api.csproj", "{7456293C-19ED-4EB2-A369-4893BA1AEA60}"
EndProject
Project("{9A19103F-16F7-4668-BE54-9A1E7A4F7556}") = "BookStore.UI.Mvc", "src\BookStore.UI.Mvc\BookStore.UI.Mvc.csproj", "{80120540-FAF5-47A3-BB6A-C486C424024E}"
EndProject
Project("{9A19103F-16F7-4668-BE54-9A1E7A4F7556}") = "BookStore.Service", "src\BookStore.Service\BookStore.Service.csproj", "{E2B19FDE-8D52-41B8-A13C-FF3890AA458B}"
EndProject
Project("{FAE04EC0-301F-11D3-BF4B-00C04F79EFBC}") = "BookStore.Tests.Integration", "Tests\BookStore.Tests.Integration\BookStore.Tests.Integration.csproj", "{6A8BE2D1-3E98-4C64-8081-6F3DE38F9F88}"
EndProject
Global
	GlobalSection(SolutionConfigurationPlatforms) = preSolution
		Debug|Any CPU = Debug|Any CPU
		Release|Any CPU = Release|Any CPU
	EndGlobalSection
	GlobalSection(ProjectConfigurationPlatforms) = postSolution
		{81DC81E1-B7F5-4261-B349-34FEF09BB6BB}.Debug|Any CPU.ActiveCfg = Debug|Any CPU
		{81DC81E1-B7F5-4261-B349-34FEF09BB6BB}.Debug|Any CPU.Build.0 = Debug|Any CPU
		{81DC81E1-B7F5-4261-B349-34FEF09BB6BB}.Release|Any CPU.ActiveCfg = Release|Any CPU
		{81DC81E1-B7F5-4261-B349-34FEF09BB6BB}.Release|Any CPU.Build.0 = Release|Any CPU
		{1F34840F-D734-4C6E-80FD-F689E61420A1}.Debug|Any CPU.ActiveCfg = Debug|Any CPU
		{1F34840F-D734-4C6E-80FD-F689E61420A1}.Debug|Any CPU.Build.0 = Debug|Any CPU
		{1F34840F-D734-4C6E-80FD-F689E61420A1}.Release|Any CPU.ActiveCfg = Release|Any CPU
		{1F34840F-D734-4C6E-80FD-F689E61420A1}.Release|Any CPU.Build.0 = Release|Any CPU
		{7456293C-19ED-4EB2-A369-4893BA1AEA60}.Debug|Any CPU.ActiveCfg = Debug|Any CPU
		{7456293C-19ED-4EB2-A369-4893BA1AEA60}.Debug|Any CPU.Build.0 = Debug|Any CPU
		{7456293C-19ED-4EB2-A369-4893BA1AEA60}.Release|Any CPU.ActiveCfg = Release|Any CPU
		{7456293C-19ED-4EB2-A369-4893BA1AEA60}.Release|Any CPU.Build.0 = Release|Any CPU
		{80120540-FAF5-47A3-BB6A-C486C424024E}.Debug|Any CPU.ActiveCfg = Debug|Any CPU
		{80120540-FAF5-47A3-BB6A-C486C424024E}.Debug|Any CPU.Build.0 = Debug|Any CPU
		{80120540-FAF5-47A3-BB6A-C486C424024E}.Release|Any CPU.ActiveCfg = Release|Any CPU
		{80120540-FAF5-47A3-BB6A-C486C424024E}.Release|Any CPU.Build.0 = Release|Any CPU
		{E2B19FDE-8D52-41B8-A13C-FF3890AA458B}.Debug|Any CPU.ActiveCfg = Debug|Any CPU
		{E2B19FDE-8D52-41B8-A13C-FF3890AA458B}.Debug|Any CPU.Build.0 = Debug|Any CPU
		{E2B19FDE-8D52-41B8-A13C-FF3890AA458B}.Release|Any CPU.ActiveCfg = Release|Any CPU
		{E2B19FDE-8D52-41B8-A13C-FF3890AA458B}.Release|Any CPU.Build.0 = Release|Any CPU
		{6A8BE2D1-3E98-4C64-8081-6F3DE38F9F88}.Debug|Any CPU.ActiveCfg = Debug|Any CPU
		{6A8BE2D1-3E98-4C64-8081-6F3DE38F9F88}.Debug|Any CPU.Build.0 = Debug|Any CPU
		{6A8BE2D1-3E98-4C64-8081-6F3DE38F9F88}.Release|Any CPU.ActiveCfg = Release|Any CPU
		{6A8BE2D1-3E98-4C64-8081-6F3DE38F9F88}.Release|Any CPU.Build.0 = Release|Any CPU
	EndGlobalSection
	GlobalSection(SolutionProperties) = preSolution
		HideSolutionNode = FALSE
	EndGlobalSection
	GlobalSection(NestedProjects) = preSolution
		{81DC81E1-B7F5-4261-B349-34FEF09BB6BB} = {AAF99A72-0513-466B-BB1D-CBF3C1288232}
		{1F34840F-D734-4C6E-80FD-F689E61420A1} = {6DF03EBB-4062-436A-A8DC-27386B05D543}
		{7456293C-19ED-4EB2-A369-4893BA1AEA60} = {BF4E0BA5-4D50-4298-916B-D0718EBF007B}
		{80120540-FAF5-47A3-BB6A-C486C424024E} = {79C1C238-72B0-458E-AECD-EEE05BD7238B}
		{E2B19FDE-8D52-41B8-A13C-FF3890AA458B} = {4155AAA6-CE01-4F0A-B014-AD3C9091AD82}
		{6A8BE2D1-3E98-4C64-8081-6F3DE38F9F88} = {96B29152-E750-496B-BA4A-60C2B8D5E240}
	EndGlobalSection
	GlobalSection(ExtensibilityGlobals) = postSolution
		SolutionGuid = {C9C43C8B-815D-4197-949B-DBFD62D17980}
	EndGlobalSection
EndGlobal
